
Microsoft Visual Studio Solution File, Format Version 12.00
# Visual Studio 15
VisualStudioVersion = 15.0.28307.1000
MinimumVisualStudioVersion = 15.0.26124.0
Project("{2150E333-8FDC-42A3-9474-1A3956D46DE8}") = "src", "src", "{C6BE75C9-1A95-4170-8664-CBCC94338155}"
EndProject
Project("{9A19103F-16F7-4668-BE54-9A1E7A4F7556}") = "IdentityServer", "src\IdentityServer\IdentityServer.csproj", "{A2F966B1-6BFC-4A7A-9EA9-BFA9A73F5192}"
EndProject
Project("{9A19103F-16F7-4668-BE54-9A1E7A4F7556}") = "Api", "src\Api\Api.csproj", "{E49ECFE3-1EBA-453A-B170-1B28E3D24452}"
EndProject
Project("{9A19103F-16F7-4668-BE54-9A1E7A4F7556}") = "ConsoleClient", "src\ConsoleClient\ConsoleClient.csproj", "{A8F40C33-7EC6-4E58-B479-AA0A90FA3B9F}"
EndProject
Project("{9A19103F-16F7-4668-BE54-9A1E7A4F7556}") = "RoClient", "src\RoClient\RoClient.csproj", "{61E7879A-A3B0-463B-A5BC-04918BA81A6A}"
EndProject
Project("{9A19103F-16F7-4668-BE54-9A1E7A4F7556}") = "MVCApp", "src\MVCApp\MVCApp.csproj", "{96226B85-5A9A-4C7A-AF23-98751FA49A39}"
EndProject
Project("{9A19103F-16F7-4668-BE54-9A1E7A4F7556}") = "CustomPolicyProvider", "src\CustomPolicyProvider\CustomPolicyProvider.csproj", "{F6F9443B-484B-4F54-85C3-FBF68A8ED6FF}"
EndProject
Project("{FAE04EC0-301F-11D3-BF4B-00C04F79EFBC}") = "Mvc.Authorization.Server", "src\Mvc.Authorization.Server\Mvc.Authorization.Server.csproj", "{7FEC4310-9A56-4579-BEE3-74068F593642}"
EndProject
Project("{9A19103F-16F7-4668-BE54-9A1E7A4F7556}") = "JavaScriptClient", "src\JavaScriptClient\JavaScriptClient.csproj", "{B6F4F810-0755-4860-AB81-4E3F7CA31BDC}"
EndProject
Global
	GlobalSection(SolutionConfigurationPlatforms) = preSolution
		Debug|Any CPU = Debug|Any CPU
		Debug|x64 = Debug|x64
		Debug|x86 = Debug|x86
		Release|Any CPU = Release|Any CPU
		Release|x64 = Release|x64
		Release|x86 = Release|x86
	EndGlobalSection
	GlobalSection(ProjectConfigurationPlatforms) = postSolution
		{A2F966B1-6BFC-4A7A-9EA9-BFA9A73F5192}.Debug|Any CPU.ActiveCfg = Debug|Any CPU
		{A2F966B1-6BFC-4A7A-9EA9-BFA9A73F5192}.Debug|Any CPU.Build.0 = Debug|Any CPU
		{A2F966B1-6BFC-4A7A-9EA9-BFA9A73F5192}.Debug|x64.ActiveCfg = Debug|Any CPU
		{A2F966B1-6BFC-4A7A-9EA9-BFA9A73F5192}.Debug|x64.Build.0 = Debug|Any CPU
		{A2F966B1-6BFC-4A7A-9EA9-BFA9A73F5192}.Debug|x86.ActiveCfg = Debug|Any CPU
		{A2F966B1-6BFC-4A7A-9EA9-BFA9A73F5192}.Debug|x86.Build.0 = Debug|Any CPU
		{A2F966B1-6BFC-4A7A-9EA9-BFA9A73F5192}.Release|Any CPU.ActiveCfg = Release|Any CPU
		{A2F966B1-6BFC-4A7A-9EA9-BFA9A73F5192}.Release|Any CPU.Build.0 = Release|Any CPU
		{A2F966B1-6BFC-4A7A-9EA9-BFA9A73F5192}.Release|x64.ActiveCfg = Release|Any CPU
		{A2F966B1-6BFC-4A7A-9EA9-BFA9A73F5192}.Release|x64.Build.0 = Release|Any CPU
		{A2F966B1-6BFC-4A7A-9EA9-BFA9A73F5192}.Release|x86.ActiveCfg = Release|Any CPU
		{A2F966B1-6BFC-4A7A-9EA9-BFA9A73F5192}.Release|x86.Build.0 = Release|Any CPU
		{E49ECFE3-1EBA-453A-B170-1B28E3D24452}.Debug|Any CPU.ActiveCfg = Debug|Any CPU
		{E49ECFE3-1EBA-453A-B170-1B28E3D24452}.Debug|Any CPU.Build.0 = Debug|Any CPU
		{E49ECFE3-1EBA-453A-B170-1B28E3D24452}.Debug|x64.ActiveCfg = Debug|Any CPU
		{E49ECFE3-1EBA-453A-B170-1B28E3D24452}.Debug|x64.Build.0 = Debug|Any CPU
		{E49ECFE3-1EBA-453A-B170-1B28E3D24452}.Debug|x86.ActiveCfg = Debug|Any CPU
		{E49ECFE3-1EBA-453A-B170-1B28E3D24452}.Debug|x86.Build.0 = Debug|Any CPU
		{E49ECFE3-1EBA-453A-B170-1B28E3D24452}.Release|Any CPU.ActiveCfg = Release|Any CPU
		{E49ECFE3-1EBA-453A-B170-1B28E3D24452}.Release|Any CPU.Build.0 = Release|Any CPU
		{E49ECFE3-1EBA-453A-B170-1B28E3D24452}.Release|x64.ActiveCfg = Release|Any CPU
		{E49ECFE3-1EBA-453A-B170-1B28E3D24452}.Release|x64.Build.0 = Release|Any CPU
		{E49ECFE3-1EBA-453A-B170-1B28E3D24452}.Release|x86.ActiveCfg = Release|Any CPU
		{E49ECFE3-1EBA-453A-B170-1B28E3D24452}.Release|x86.Build.0 = Release|Any CPU
		{A8F40C33-7EC6-4E58-B479-AA0A90FA3B9F}.Debug|Any CPU.ActiveCfg = Debug|Any CPU
		{A8F40C33-7EC6-4E58-B479-AA0A90FA3B9F}.Debug|Any CPU.Build.0 = Debug|Any CPU
		{A8F40C33-7EC6-4E58-B479-AA0A90FA3B9F}.Debug|x64.ActiveCfg = Debug|Any CPU
		{A8F40C33-7EC6-4E58-B479-AA0A90FA3B9F}.Debug|x64.Build.0 = Debug|Any CPU
		{A8F40C33-7EC6-4E58-B479-AA0A90FA3B9F}.Debug|x86.ActiveCfg = Debug|Any CPU
		{A8F40C33-7EC6-4E58-B479-AA0A90FA3B9F}.Debug|x86.Build.0 = Debug|Any CPU
		{A8F40C33-7EC6-4E58-B479-AA0A90FA3B9F}.Release|Any CPU.ActiveCfg = Release|Any CPU
		{A8F40C33-7EC6-4E58-B479-AA0A90FA3B9F}.Release|Any CPU.Build.0 = Release|Any CPU
		{A8F40C33-7EC6-4E58-B479-AA0A90FA3B9F}.Release|x64.ActiveCfg = Release|Any CPU
		{A8F40C33-7EC6-4E58-B479-AA0A90FA3B9F}.Release|x64.Build.0 = Release|Any CPU
		{A8F40C33-7EC6-4E58-B479-AA0A90FA3B9F}.Release|x86.ActiveCfg = Release|Any CPU
		{A8F40C33-7EC6-4E58-B479-AA0A90FA3B9F}.Release|x86.Build.0 = Release|Any CPU
		{61E7879A-A3B0-463B-A5BC-04918BA81A6A}.Debug|Any CPU.ActiveCfg = Debug|Any CPU
		{61E7879A-A3B0-463B-A5BC-04918BA81A6A}.Debug|Any CPU.Build.0 = Debug|Any CPU
		{61E7879A-A3B0-463B-A5BC-04918BA81A6A}.Debug|x64.ActiveCfg = Debug|Any CPU
		{61E7879A-A3B0-463B-A5BC-04918BA81A6A}.Debug|x64.Build.0 = Debug|Any CPU
		{61E7879A-A3B0-463B-A5BC-04918BA81A6A}.Debug|x86.ActiveCfg = Debug|Any CPU
		{61E7879A-A3B0-463B-A5BC-04918BA81A6A}.Debug|x86.Build.0 = Debug|Any CPU
		{61E7879A-A3B0-463B-A5BC-04918BA81A6A}.Release|Any CPU.ActiveCfg = Release|Any CPU
		{61E7879A-A3B0-463B-A5BC-04918BA81A6A}.Release|Any CPU.Build.0 = Release|Any CPU
		{61E7879A-A3B0-463B-A5BC-04918BA81A6A}.Release|x64.ActiveCfg = Release|Any CPU
		{61E7879A-A3B0-463B-A5BC-04918BA81A6A}.Release|x64.Build.0 = Release|Any CPU
		{61E7879A-A3B0-463B-A5BC-04918BA81A6A}.Release|x86.ActiveCfg = Release|Any CPU
		{61E7879A-A3B0-463B-A5BC-04918BA81A6A}.Release|x86.Build.0 = Release|Any CPU
		{96226B85-5A9A-4C7A-AF23-98751FA49A39}.Debug|Any CPU.ActiveCfg = Debug|Any CPU
		{96226B85-5A9A-4C7A-AF23-98751FA49A39}.Debug|Any CPU.Build.0 = Debug|Any CPU
		{96226B85-5A9A-4C7A-AF23-98751FA49A39}.Debug|x64.ActiveCfg = Debug|Any CPU
		{96226B85-5A9A-4C7A-AF23-98751FA49A39}.Debug|x64.Build.0 = Debug|Any CPU
		{96226B85-5A9A-4C7A-AF23-98751FA49A39}.Debug|x86.ActiveCfg = Debug|Any CPU
		{96226B85-5A9A-4C7A-AF23-98751FA49A39}.Debug|x86.Build.0 = Debug|Any CPU
		{96226B85-5A9A-4C7A-AF23-98751FA49A39}.Release|Any CPU.ActiveCfg = Release|Any CPU
		{96226B85-5A9A-4C7A-AF23-98751FA49A39}.Release|Any CPU.Build.0 = Release|Any CPU
		{96226B85-5A9A-4C7A-AF23-98751FA49A39}.Release|x64.ActiveCfg = Release|Any CPU
		{96226B85-5A9A-4C7A-AF23-98751FA49A39}.Release|x64.Build.0 = Release|Any CPU
		{96226B85-5A9A-4C7A-AF23-98751FA49A39}.Release|x86.ActiveCfg = Release|Any CPU
		{96226B85-5A9A-4C7A-AF23-98751FA49A39}.Release|x86.Build.0 = Release|Any CPU
		{F6F9443B-484B-4F54-85C3-FBF68A8ED6FF}.Debug|Any CPU.ActiveCfg = Debug|Any CPU
		{F6F9443B-484B-4F54-85C3-FBF68A8ED6FF}.Debug|Any CPU.Build.0 = Debug|Any CPU
		{F6F9443B-484B-4F54-85C3-FBF68A8ED6FF}.Debug|x64.ActiveCfg = Debug|Any CPU
		{F6F9443B-484B-4F54-85C3-FBF68A8ED6FF}.Debug|x64.Build.0 = Debug|Any CPU
		{F6F9443B-484B-4F54-85C3-FBF68A8ED6FF}.Debug|x86.ActiveCfg = Debug|Any CPU
		{F6F9443B-484B-4F54-85C3-FBF68A8ED6FF}.Debug|x86.Build.0 = Debug|Any CPU
		{F6F9443B-484B-4F54-85C3-FBF68A8ED6FF}.Release|Any CPU.ActiveCfg = Release|Any CPU
		{F6F9443B-484B-4F54-85C3-FBF68A8ED6FF}.Release|Any CPU.Build.0 = Release|Any CPU
		{F6F9443B-484B-4F54-85C3-FBF68A8ED6FF}.Release|x64.ActiveCfg = Release|Any CPU
		{F6F9443B-484B-4F54-85C3-FBF68A8ED6FF}.Release|x64.Build.0 = Release|Any CPU
		{F6F9443B-484B-4F54-85C3-FBF68A8ED6FF}.Release|x86.ActiveCfg = Release|Any CPU
		{F6F9443B-484B-4F54-85C3-FBF68A8ED6FF}.Release|x86.Build.0 = Release|Any CPU
		{7FEC4310-9A56-4579-BEE3-74068F593642}.Debug|Any CPU.ActiveCfg = Debug|Any CPU
		{7FEC4310-9A56-4579-BEE3-74068F593642}.Debug|Any CPU.Build.0 = Debug|Any CPU
		{7FEC4310-9A56-4579-BEE3-74068F593642}.Debug|x64.ActiveCfg = Debug|Any CPU
		{7FEC4310-9A56-4579-BEE3-74068F593642}.Debug|x64.Build.0 = Debug|Any CPU
		{7FEC4310-9A56-4579-BEE3-74068F593642}.Debug|x86.ActiveCfg = Debug|Any CPU
		{7FEC4310-9A56-4579-BEE3-74068F593642}.Debug|x86.Build.0 = Debug|Any CPU
		{7FEC4310-9A56-4579-BEE3-74068F593642}.Release|Any CPU.ActiveCfg = Release|Any CPU
		{7FEC4310-9A56-4579-BEE3-74068F593642}.Release|Any CPU.Build.0 = Release|Any CPU
		{7FEC4310-9A56-4579-BEE3-74068F593642}.Release|x64.ActiveCfg = Release|Any CPU
		{7FEC4310-9A56-4579-BEE3-74068F593642}.Release|x64.Build.0 = Release|Any CPU
		{7FEC4310-9A56-4579-BEE3-74068F593642}.Release|x86.ActiveCfg = Release|Any CPU
		{7FEC4310-9A56-4579-BEE3-74068F593642}.Release|x86.Build.0 = Release|Any CPU
		{B6F4F810-0755-4860-AB81-4E3F7CA31BDC}.Debug|Any CPU.ActiveCfg = Debug|Any CPU
		{B6F4F810-0755-4860-AB81-4E3F7CA31BDC}.Debug|Any CPU.Build.0 = Debug|Any CPU
		{B6F4F810-0755-4860-AB81-4E3F7CA31BDC}.Debug|x64.ActiveCfg = Debug|Any CPU
		{B6F4F810-0755-4860-AB81-4E3F7CA31BDC}.Debug|x64.Build.0 = Debug|Any CPU
		{B6F4F810-0755-4860-AB81-4E3F7CA31BDC}.Debug|x86.ActiveCfg = Debug|Any CPU
		{B6F4F810-0755-4860-AB81-4E3F7CA31BDC}.Debug|x86.Build.0 = Debug|Any CPU
		{B6F4F810-0755-4860-AB81-4E3F7CA31BDC}.Release|Any CPU.ActiveCfg = Release|Any CPU
		{B6F4F810-0755-4860-AB81-4E3F7CA31BDC}.Release|Any CPU.Build.0 = Release|Any CPU
		{B6F4F810-0755-4860-AB81-4E3F7CA31BDC}.Release|x64.ActiveCfg = Release|Any CPU
		{B6F4F810-0755-4860-AB81-4E3F7CA31BDC}.Release|x64.Build.0 = Release|Any CPU
		{B6F4F810-0755-4860-AB81-4E3F7CA31BDC}.Release|x86.ActiveCfg = Release|Any CPU
		{B6F4F810-0755-4860-AB81-4E3F7CA31BDC}.Release|x86.Build.0 = Release|Any CPU
	EndGlobalSection
	GlobalSection(SolutionProperties) = preSolution
		HideSolutionNode = FALSE
	EndGlobalSection
	GlobalSection(NestedProjects) = preSolution
		{A2F966B1-6BFC-4A7A-9EA9-BFA9A73F5192} = {C6BE75C9-1A95-4170-8664-CBCC94338155}
		{E49ECFE3-1EBA-453A-B170-1B28E3D24452} = {C6BE75C9-1A95-4170-8664-CBCC94338155}
		{A8F40C33-7EC6-4E58-B479-AA0A90FA3B9F} = {C6BE75C9-1A95-4170-8664-CBCC94338155}
		{61E7879A-A3B0-463B-A5BC-04918BA81A6A} = {C6BE75C9-1A95-4170-8664-CBCC94338155}
		{96226B85-5A9A-4C7A-AF23-98751FA49A39} = {C6BE75C9-1A95-4170-8664-CBCC94338155}
		{F6F9443B-484B-4F54-85C3-FBF68A8ED6FF} = {C6BE75C9-1A95-4170-8664-CBCC94338155}
		{7FEC4310-9A56-4579-BEE3-74068F593642} = {C6BE75C9-1A95-4170-8664-CBCC94338155}
		{B6F4F810-0755-4860-AB81-4E3F7CA31BDC} = {C6BE75C9-1A95-4170-8664-CBCC94338155}
	EndGlobalSection
	GlobalSection(ExtensibilityGlobals) = postSolution
		SolutionGuid = {A383BBF6-A8FE-4198-9C3A-60955A4C160A}
	EndGlobalSection
EndGlobal
